{
    "_readme": [
        "This file locks the dependencies of your project to a known state",
        "Read more about it at http://getcomposer.org/doc/01-basic-usage.md#composer-lock-the-lock-file",
        "This file is @generated automatically"
    ],
    "hash": "57a46c2f51b50075b5706d1ce4f9c462",
    "packages": [

    ],
    "packages-dev": [
        {
            "name": "crisu83/yii-composer",
            "version": "1.1.0",
            "source": {
                "type": "git",
                "url": "https://github.com/Crisu83/yii-composer.git",
                "reference": "848a5b5fd3419ebd504d40d25d9c659411383ae1"
            },
            "dist": {
                "type": "zip",
                "url": "https://api.github.com/repos/Crisu83/yii-composer/zipball/848a5b5fd3419ebd504d40d25d9c659411383ae1",
                "reference": "848a5b5fd3419ebd504d40d25d9c659411383ae1",
                "shasum": ""
            },
            "type": "library",
            "autoload": {
                "psr-4": {
                    "Crisu83\\YiiComposer\\": ""
                }
            },
            "notification-url": "https://packagist.org/downloads/",
            "license": [
                "BSD-3-Clause"
            ],
            "authors": [
                {
                    "name": "Christoffer Niska",
                    "email": "christoffer.niska@gmail.com",
                    "homepage": "http://www.cniska.net/"
                }
            ],
            "description": "Composer callbacks for the Yii PHP framework.",
            "keywords": [
                "composer",
                "yii"
            ],
            "time": "2014-03-10 16:57:52"
        }
    ],
    "aliases": [

    ],
    "minimum-stability": "stable",
    "stability-flags": [

    ],
    "prefer-stable": false,
    "platform": [

    ],
    "platform-dev": [

    ]
}
